
Microsoft Visual Studio Solution File, Format Version 12.00
# Visual Studio Version 17
VisualStudioVersion = 17.14.35906.104
MinimumVisualStudioVersion = 10.0.40219.1
Project("{FAE04EC0-301F-11D3-BF4B-00C04F79EFBC}") = "Library.Domain", "Library.Domain\Library.Domain.csproj", "{E643107A-8E0E-46F5-84C4-CCBB744C8C4B}"
EndProject
Project("{FAE04EC0-301F-11D3-BF4B-00C04F79EFBC}") = "Library.Infrastructure", "Library.Infrastructure\Library.Infrastructure.csproj", "{7A21302D-50D7-44B0-B5EC-F9FD0088BD17}"
EndProject
Project("{FAE04EC0-301F-11D3-BF4B-00C04F79EFBC}") = "Library.WebApi", "Library.WebApi\Library.WebApi.csproj", "{7607CFAC-D32F-486B-BFDE-C3B0FC42D30E}"
EndProject
Project("{FAE04EC0-301F-11D3-BF4B-00C04F79EFBC}") = "Library.Tests", "Library.Tests\Library.Tests.csproj", "{F0A07F33-287A-4329-B257-462D5C6E9134}"
EndProject
Global
	GlobalSection(SolutionConfigurationPlatforms) = preSolution
		Debug|Any CPU = Debug|Any CPU
		Release|Any CPU = Release|Any CPU
	EndGlobalSection
	GlobalSection(ProjectConfigurationPlatforms) = postSolution
		{E643107A-8E0E-46F5-84C4-CCBB744C8C4B}.Debug|Any CPU.ActiveCfg = Debug|Any CPU
		{E643107A-8E0E-46F5-84C4-CCBB744C8C4B}.Debug|Any CPU.Build.0 = Debug|Any CPU
		{E643107A-8E0E-46F5-84C4-CCBB744C8C4B}.Release|Any CPU.ActiveCfg = Release|Any CPU
		{E643107A-8E0E-46F5-84C4-CCBB744C8C4B}.Release|Any CPU.Build.0 = Release|Any CPU
		{7A21302D-50D7-44B0-B5EC-F9FD0088BD17}.Debug|Any CPU.ActiveCfg = Debug|Any CPU
		{7A21302D-50D7-44B0-B5EC-F9FD0088BD17}.Debug|Any CPU.Build.0 = Debug|Any CPU
		{7A21302D-50D7-44B0-B5EC-F9FD0088BD17}.Release|Any CPU.ActiveCfg = Release|Any CPU
		{7A21302D-50D7-44B0-B5EC-F9FD0088BD17}.Release|Any CPU.Build.0 = Release|Any CPU
		{7607CFAC-D32F-486B-BFDE-C3B0FC42D30E}.Debug|Any CPU.ActiveCfg = Debug|Any CPU
		{7607CFAC-D32F-486B-BFDE-C3B0FC42D30E}.Debug|Any CPU.Build.0 = Debug|Any CPU
		{7607CFAC-D32F-486B-BFDE-C3B0FC42D30E}.Release|Any CPU.ActiveCfg = Release|Any CPU
		{7607CFAC-D32F-486B-BFDE-C3B0FC42D30E}.Release|Any CPU.Build.0 = Release|Any CPU
		{F0A07F33-287A-4329-B257-462D5C6E9134}.Debug|Any CPU.ActiveCfg = Debug|Any CPU
		{F0A07F33-287A-4329-B257-462D5C6E9134}.Debug|Any CPU.Build.0 = Debug|Any CPU
		{F0A07F33-287A-4329-B257-462D5C6E9134}.Release|Any CPU.ActiveCfg = Release|Any CPU
		{F0A07F33-287A-4329-B257-462D5C6E9134}.Release|Any CPU.Build.0 = Release|Any CPU
	EndGlobalSection
	GlobalSection(SolutionProperties) = preSolution
		HideSolutionNode = FALSE
	EndGlobalSection
	GlobalSection(ExtensibilityGlobals) = postSolution
		SolutionGuid = {DBDB8C78-038C-4FE4-B04D-88FD4A2D0983}
	EndGlobalSection
EndGlobal
